
Microsoft Visual Studio Solution File, Format Version 12.00
# Visual Studio Version 17
VisualStudioVersion = 17.1.32319.34
MinimumVisualStudioVersion = 10.0.40219.1
Project("{FAE04EC0-301F-11D3-BF4B-00C04F79EFBC}") = "Problem2", "Problem2\Problem2.csproj", "{4A9F36C6-D7F8-4A46-BC75-84267030050B}"
EndProject
Global
	GlobalSection(SolutionConfigurationPlatforms) = preSolution
		Debug|Any CPU = Debug|Any CPU
		Release|Any CPU = Release|Any CPU
	EndGlobalSection
	GlobalSection(ProjectConfigurationPlatforms) = postSolution
		{4A9F36C6-D7F8-4A46-BC75-84267030050B}.Debug|Any CPU.ActiveCfg = Debug|Any CPU
		{4A9F36C6-D7F8-4A46-BC75-84267030050B}.Debug|Any CPU.Build.0 = Debug|Any CPU
		{4A9F36C6-D7F8-4A46-BC75-84267030050B}.Release|Any CPU.ActiveCfg = Release|Any CPU
		{4A9F36C6-D7F8-4A46-BC75-84267030050B}.Release|Any CPU.Build.0 = Release|Any CPU
	EndGlobalSection
	GlobalSection(SolutionProperties) = preSolution
		HideSolutionNode = FALSE
	EndGlobalSection
	GlobalSection(ExtensibilityGlobals) = postSolution
		SolutionGuid = {DCF6846B-D634-4577-8C8F-DB3AED5ADD52}
	EndGlobalSection
EndGlobal
